{
  "name": "payingzee-monorepo",
  "version": "0.1.0",
  "lockfileVersion": 3,
  "requires": true,
  "packages": {
    "": {
      "name": "payingzee-monorepo",
      "version": "0.1.0",
      "hasInstallScript": true,
      "workspaces": [
        "apps/*",
        "packages/*"
      ],
      "dependencies": {
        "react-router-dom": "^7.10.1"
      }
    },
    "apps/admin": {
      "version": "0.1.0",
      "extraneous": true,
      "dependencies": {
        "next": "16.0.8",
        "react": "19.2.1",
        "react-dom": "19.2.1"
      },
      "devDependencies": {
        "@tailwindcss/postcss": "^4",
        "@types/node": "^20",
        "@types/react": "^19",
        "@types/react-dom": "^19",
        "eslint": "^9",
        "eslint-config-next": "16.0.8",
        "tailwindcss": "^4",
        "typescript": "^5"
      }
    },
    "apps/api": {
      "version": "1.0.0",
      "extraneous": true,
      "license": "ISC",
      "dependencies": {
        "@prisma/client": "^7.1.0",
        "bullmq": "^5.65.1",
        "fastify": "^5.6.2",
        "ioredis": "^5.8.2",
        "zod": "^4.1.13"
      },
      "devDependencies": {
        "@types/node": "^24.10.2",
        "ts-node-dev": "^2.0.0",
        "typescript": "^5.9.3"
      }
    },
    "apps/web": {
      "version": "0.1.0",
      "extraneous": true,
      "dependencies": {
        "next": "16.0.8",
        "react": "19.2.1",
        "react-dom": "19.2.1"
      },
      "devDependencies": {
        "@tailwindcss/postcss": "^4",
        "@types/node": "^20",
        "@types/react": "^19",
        "@types/react-dom": "^19",
        "eslint": "^9",
        "eslint-config-next": "16.0.8",
        "tailwindcss": "^4",
        "typescript": "^5"
      }
    },
    "apps/worker": {
      "version": "1.0.0",
      "extraneous": true,
      "license": "ISC",
      "dependencies": {
        "bullmq": "^5.65.1",
        "ioredis": "^5.8.2"
      },
      "devDependencies": {
        "@types/node": "^24.10.2",
        "ts-node-dev": "^2.0.0",
        "typescript": "^5.9.3"
      }
    },
    "node_modules/cookie": {
      "version": "1.1.1",
      "resolved": "https://registry.npmjs.org/cookie/-/cookie-1.1.1.tgz",
      "integrity": "sha512-ei8Aos7ja0weRpFzJnEA9UHJ/7XQmqglbRwnf2ATjcB9Wq874VKH9kfjjirM6UhU2/E5fFYadylyhFldcqSidQ==",
      "license": "MIT",
      "engines": {
        "node": ">=18"
      },
      "funding": {
        "type": "opencollective",
        "url": "https://opencollective.com/express"
      }
    },
    "node_modules/react-router": {
      "version": "7.10.1",
      "resolved": "https://registry.npmjs.org/react-router/-/react-router-7.10.1.tgz",
      "integrity": "sha512-gHL89dRa3kwlUYtRQ+m8NmxGI6CgqN+k4XyGjwcFoQwwCWF6xXpOCUlDovkXClS0d0XJN/5q7kc5W3kiFEd0Yw==",
      "license": "MIT",
      "dependencies": {
        "cookie": "^1.0.1",
        "set-cookie-parser": "^2.6.0"
      },
      "engines": {
        "node": ">=20.0.0"
      },
      "peerDependencies": {
        "react": ">=18",
        "react-dom": ">=18"
      },
      "peerDependenciesMeta": {
        "react-dom": {
          "optional": true
        }
      }
    },
    "node_modules/react-router-dom": {
      "version": "7.10.1",
      "resolved": "https://registry.npmjs.org/react-router-dom/-/react-router-dom-7.10.1.tgz",
      "integrity": "sha512-JNBANI6ChGVjA5bwsUIwJk7LHKmqB4JYnYfzFwyp2t12Izva11elds2jx7Yfoup2zssedntwU0oZ5DEmk5Sdaw==",
      "license": "MIT",
      "dependencies": {
        "react-router": "7.10.1"
      },
      "engines": {
        "node": ">=20.0.0"
      },
      "peerDependencies": {
        "react": ">=18",
        "react-dom": ">=18"
      }
    },
    "node_modules/set-cookie-parser": {
      "version": "2.7.2",
      "resolved": "https://registry.npmjs.org/set-cookie-parser/-/set-cookie-parser-2.7.2.tgz",
      "integrity": "sha512-oeM1lpU/UvhTxw+g3cIfxXHyJRc/uidd3yK1P242gzHds0udQBYzs3y8j4gCCW+ZJ7ad0yctld8RYO+bdurlvw==",
      "license": "MIT"
    },
    "packages/db": {
      "version": "1.0.0",
      "extraneous": true,
      "license": "ISC",
      "dependencies": {
        "@prisma/client": "^7.1.0",
        "prisma": "^7.1.0"
      },
      "devDependencies": {}
    },
    "packages/notifications": {
      "version": "1.0.0",
      "extraneous": true,
      "license": "ISC"
    },
    "packages/payments": {
      "version": "1.0.0",
      "extraneous": true,
      "license": "ISC"
    },
    "packages/shared": {
      "version": "1.0.0",
      "extraneous": true,
      "license": "ISC"
    }
  }
}
